github.com/ayush6624/go-chatgpt v0.3.0 h1:tQUfwSvSL9KA2XmBqj3L8aVdVPRb0Hcs3XtMmZKqsc8=
github.com/ayush6624/go-chatgpt v0.3.0/go.mod h1:bn550cv7EHT7sHJG5yR60IGqjKlZ0S0Ll+IZp3z7nOc=
github.com/davecgh/go-spew v1.1.1 h1:vj9j/u1bqnvCEfJOwUhtlOARqs3+rkHYY13jYWTU97c=
github.com/pmezard/go-difflib v1.0.0 h1:4DBwDE0NGyQoBHbLQYPwSUPoCMWR5BEzIk/f1lZbAQM=
github.com/stretchr/testify v1.8.2 h1:+h33VjcLVPDHtOdpUCuF+7gSuG3yGIftsP1YvFihtJ8=
gopkg.in/yaml.v3 v3.0.1 h1:fxVm/GzAzEWqLHuvctI91KS9hhNmmWOoWu0XTYJS7CA=
