github.com/Picovoice/porcupine/binding/go/v3 v3.0.2 h1:mgvA50lIybYhfCMCwXoPvqjuyAKBppT8ZGSn/7F4ank=
github.com/Picovoice/porcupine/binding/go/v3 v3.0.2/go.mod h1:6Pg/746wMh0GDNEWqi56GuTsTk7WLeVgTB0ZhyERs8U=
github.com/Picovoice/porcupine/binding/go/v3 v3.0.3 h1:MDmmEr2VJNIbSWrUg+cCmJ5NKTkYpzhTUHB2VmIEpVw=
github.com/Picovoice/porcupine/binding/go/v3 v3.0.3/go.mod h1:6Pg/746wMh0GDNEWqi56GuTsTk7WLeVgTB0ZhyERs8U=
github.com/gordonklaus/portaudio v0.0.0-20230709114228-aafa478834f5 h1:5AlozfqaVjGYGhms2OsdUyfdJME76E6rx5MdGpjzZpc=
github.com/gordonklaus/portaudio v0.0.0-20230709114228-aafa478834f5/go.mod h1:WY8R6YKlI2ZI3UyzFk7P6yGSuS+hFwNtEzrexRyD7Es=
github.com/gordonklaus/portaudio v0.0.0-20250206071425-98a94950218b h1:WEuQWBxelOGHA6z9lABqaMLMrfwVyMdN3UgRLT+YUPo=
github.com/gordonklaus/portaudio v0.0.0-20250206071425-98a94950218b/go.mod h1:esZFQEUwqC+l76f2R8bIWSwXMaPbp79PppwZ1eJhFco=
