github.com/davecgh/go-spew v1.1.1 h1:vj9j/u1bqnvCEfJOwUhtlOARqs3+rkHYY13jYWTU97c=
github.com/davecgh/go-spew v1.1.1/go.mod h1:J7Y8YcW2NihsgmVo/mv3lAwl/skON4iLHjSsI+c5H38=
github.com/pmezard/go-difflib v1.0.0 h1:4DBwDE0NGyQoBHbLQYPwSUPoCMWR5BEzIk/f1lZbAQM=
github.com/pmezard/go-difflib v1.0.0/go.mod h1:iKH77koFhYxTK1pcRnkKkqfTogsbg7gZNVY4sRDYZ/4=
github.com/schollz/logger v1.0.1 h1:BuBAU+euqphM0Ny9qFVScl4RSxatis4nCHIkOxO2cUU=
github.com/schollz/logger v1.0.1/go.mod h1:P6F4/dGMGcx8wh+kG1zrNEd4vnNpEBY/mwEMd/vn6AM=
github.com/schollz/logger v1.2.0 h1:5WXfINRs3lEUTCZ7YXhj0uN+qukjizvITLm3Ca2m0Ho=
github.com/schollz/logger v1.2.0/go.mod h1:P6F4/dGMGcx8wh+kG1zrNEd4vnNpEBY/mwEMd/vn6AM=
github.com/schollz/wifiscan v1.1.1 h1:7vF5ffuE5BZhOI04TJbgg/7ELipe5A0y64WBb8z3mAc=
github.com/schollz/wifiscan v1.1.1/go.mod h1:PvIH4FM7Fr0t+EZg5NLy5L9kTO6Ce6/T1CKDNf1kKG0=
github.com/schollz/wifiscan v1.1.2-0.20240616123334-6fc669145a0b h1:L2pTrbMF7m6q3ETJ8ksYWhU6VdD1BGo/QJA2TECYow0=
github.com/schollz/wifiscan v1.1.2-0.20240616123334-6fc669145a0b/go.mod h1:i76xTtJcW/hvdTMrIhz6MVg9MAuP41aRLgAcaHjq1wE=
github.com/stretchr/testify v1.2.2 h1:bSDNvY7ZPG5RlJ8otE/7V6gMiyenm9RtJ7IUVIAoJ1w=
github.com/stretchr/testify v1.2.2/go.mod h1:a8OnRcib4nhh0OaRAV+Yts87kKdq0PP7pXfy6kDkUVs=
